// !$*UTF8*$!
{
	archiveVersion = 1;
	classes = {
	};
	objectVersion = 56;
	objects = {

/* Begin PBXBuildFile section */
		C9244C7E2D26DBD2001F6BB1 /* Preview Assets.xcassets in Resources */ = {isa = PBXBuildFile; fileRef = C9244C7D2D26DBD2001F6BB1 /* Preview Assets.xcassets */; };
		C9244C882D26DBD2001F6BB1 /* CityBuzzAppTests.swift in Sources */ = {isa = PBXBuildFile; fileRef = C9244C872D26DBD2001F6BB1 /* CityBuzzAppTests.swift */; };
		C9244C922D26DBD2001F6BB1 /* CityBuzzAppUITests.swift in Sources */ = {isa = PBXBuildFile; fileRef = C9244C912D26DBD2001F6BB1 /* CityBuzzAppUITests.swift */; };
		C9244C942D26DBD2001F6BB1 /* CityBuzzAppUITestsLaunchTests.swift in Sources */ = {isa = PBXBuildFile; fileRef = C9244C932D26DBD2001F6BB1 /* CityBuzzAppUITestsLaunchTests.swift */; };
		C9244CAE2D2784B8001F6BB1 /* Event.swift in Sources */ = {isa = PBXBuildFile; fileRef = C9244CAC2D26EB4A001F6BB1 /* Event.swift */; };
		C9244CE02D29AE4A001F6BB1 /* PostEventScreen.swift in Sources */ = {isa = PBXBuildFile; fileRef = C9244CD92D29AE49001F6BB1 /* PostEventScreen.swift */; };
		C9244CE12D29AE4A001F6BB1 /* EventCard.swift in Sources */ = {isa = PBXBuildFile; fileRef = C9244CDA2D29AE4A001F6BB1 /* EventCard.swift */; };
		C9244CE22D29AE4A001F6BB1 /* ContentView.swift in Sources */ = {isa = PBXBuildFile; fileRef = C9244CDB2D29AE4A001F6BB1 /* ContentView.swift */; };
		C9244CE32D29AE4A001F6BB1 /* TrendingEventsCarousel.swift in Sources */ = {isa = PBXBuildFile; fileRef = C9244CDC2D29AE4A001F6BB1 /* TrendingEventsCarousel.swift */; };
		C9244CE42D29AE4A001F6BB1 /* DiscoverScreen.swift in Sources */ = {isa = PBXBuildFile; fileRef = C9244CDD2D29AE4A001F6BB1 /* DiscoverScreen.swift */; };
		C9244CE52D29AE4A001F6BB1 /* MainTabView.swift in Sources */ = {isa = PBXBuildFile; fileRef = C9244CDE2D29AE4A001F6BB1 /* MainTabView.swift */; };
		C9244CE62D29AE4A001F6BB1 /* HomeScreen.swift in Sources */ = {isa = PBXBuildFile; fileRef = C9244CDF2D29AE4A001F6BB1 /* HomeScreen.swift */; };
		C9244CED2D29B5EF001F6BB1 /* Color+Hex.swift in Sources */ = {isa = PBXBuildFile; fileRef = C9244CEC2D29B5EF001F6BB1 /* Color+Hex.swift */; };
		C9244CEF2D29B88A001F6BB1 /* Category+Helper.swift in Sources */ = {isa = PBXBuildFile; fileRef = C9244CEE2D29B88A001F6BB1 /* Category+Helper.swift */; };
		C9244CF42D29CA5E001F6BB1 /* GroupBoxStyle+Dark.swift in Sources */ = {isa = PBXBuildFile; fileRef = C9244CF32D29CA5E001F6BB1 /* GroupBoxStyle+Dark.swift */; };
		C9244CF62D29CD4C001F6BB1 /* CityBuzzApp.swift in Sources */ = {isa = PBXBuildFile; fileRef = C9244CF52D29CD4C001F6BB1 /* CityBuzzApp.swift */; };
		C9244CF82D29CEA0001F6BB1 /* CategoryPickerView.swift in Sources */ = {isa = PBXBuildFile; fileRef = C9244CF72D29CE9F001F6BB1 /* CategoryPickerView.swift */; };
		C9244CF92D29D07F001F6BB1 /* LocationSearchManager.swift in Sources */ = {isa = PBXBuildFile; fileRef = C9244CC42D299E11001F6BB1 /* LocationSearchManager.swift */; };
		C9244CFB2D29D2EA001F6BB1 /* Assets.xcassets in Sources */ = {isa = PBXBuildFile; fileRef = C9244CFA2D29D2EA001F6BB1 /* Assets.xcassets */; };
		C9244CFD2D29D4A2001F6BB1 /* EventServices.swift in Sources */ = {isa = PBXBuildFile; fileRef = C9244CFC2D29D4A1001F6BB1 /* EventServices.swift */; };
		C9244D012D2A2342001F6BB1 /* TabItem.swift in Sources */ = {isa = PBXBuildFile; fileRef = C9244D002D2A2342001F6BB1 /* TabItem.swift */; };
		C9244D3D2D2C7E30001F6BB1 /* SettingsScreen.swift in Sources */ = {isa = PBXBuildFile; fileRef = C9244D3C2D2C7E30001F6BB1 /* SettingsScreen.swift */; };
		C9244D412D2C823E001F6BB1 /* PrivacyPolicyScreen.swift in Sources */ = {isa = PBXBuildFile; fileRef = C9244D3E2D2C823E001F6BB1 /* PrivacyPolicyScreen.swift */; };
		C9244D422D2C823E001F6BB1 /* HelpSupportScreen.swift in Sources */ = {isa = PBXBuildFile; fileRef = C9244D3F2D2C823E001F6BB1 /* HelpSupportScreen.swift */; };
		C9244D432D2C823E001F6BB1 /* AboutScreen.swift in Sources */ = {isa = PBXBuildFile; fileRef = C9244D402D2C823E001F6BB1 /* AboutScreen.swift */; };
		C9244D4A2D2C884B001F6BB1 /* AccountScreen.swift in Sources */ = {isa = PBXBuildFile; fileRef = C9244D492D2C884B001F6BB1 /* AccountScreen.swift */; };
		C9244D4D2D2C88EB001F6BB1 /* NotificationsScreen.swift in Sources */ = {isa = PBXBuildFile; fileRef = C9244D4C2D2C88EB001F6BB1 /* NotificationsScreen.swift */; };
/* End PBXBuildFile section */

/* Begin PBXContainerItemProxy section */
		C9244C842D26DBD2001F6BB1 /* PBXContainerItemProxy */ = {
			isa = PBXContainerItemProxy;
			containerPortal = C9244C6B2D26DBD1001F6BB1 /* Project object */;
			proxyType = 1;
			remoteGlobalIDString = C9244C722D26DBD1001F6BB1;
			remoteInfo = CityBuzzApp;
		};
		C9244C8E2D26DBD2001F6BB1 /* PBXContainerItemProxy */ = {
			isa = PBXContainerItemProxy;
			containerPortal = C9244C6B2D26DBD1001F6BB1 /* Project object */;
			proxyType = 1;
			remoteGlobalIDString = C9244C722D26DBD1001F6BB1;
			remoteInfo = CityBuzzApp;
		};
/* End PBXContainerItemProxy section */

/* Begin PBXFileReference section */
		C9244C732D26DBD1001F6BB1 /* CityBuzzApp.app */ = {isa = PBXFileReference; explicitFileType = wrapper.application; includeInIndex = 0; path = CityBuzzApp.app; sourceTree = BUILT_PRODUCTS_DIR; };
		C9244C7D2D26DBD2001F6BB1 /* Preview Assets.xcassets */ = {isa = PBXFileReference; lastKnownFileType = folder.assetcatalog; path = "Preview Assets.xcassets"; sourceTree = "<group>"; };
		C9244C832D26DBD2001F6BB1 /* CityBuzzAppTests.xctest */ = {isa = PBXFileReference; explicitFileType = wrapper.cfbundle; includeInIndex = 0; path = CityBuzzAppTests.xctest; sourceTree = BUILT_PRODUCTS_DIR; };
		C9244C872D26DBD2001F6BB1 /* CityBuzzAppTests.swift */ = {isa = PBXFileReference; lastKnownFileType = sourcecode.swift; path = CityBuzzAppTests.swift; sourceTree = "<group>"; };
		C9244C8D2D26DBD2001F6BB1 /* CityBuzzAppUITests.xctest */ = {isa = PBXFileReference; explicitFileType = wrapper.cfbundle; includeInIndex = 0; path = CityBuzzAppUITests.xctest; sourceTree = BUILT_PRODUCTS_DIR; };
		C9244C912D26DBD2001F6BB1 /* CityBuzzAppUITests.swift */ = {isa = PBXFileReference; lastKnownFileType = sourcecode.swift; path = CityBuzzAppUITests.swift; sourceTree = "<group>"; };
		C9244C932D26DBD2001F6BB1 /* CityBuzzAppUITestsLaunchTests.swift */ = {isa = PBXFileReference; lastKnownFileType = sourcecode.swift; path = CityBuzzAppUITestsLaunchTests.swift; sourceTree = "<group>"; };
		C9244CAC2D26EB4A001F6BB1 /* Event.swift */ = {isa = PBXFileReference; lastKnownFileType = sourcecode.swift; path = Event.swift; sourceTree = "<group>"; };
		C9244CC42D299E11001F6BB1 /* LocationSearchManager.swift */ = {isa = PBXFileReference; lastKnownFileType = sourcecode.swift; name = LocationSearchManager.swift; path = ../Views/LocationSearchManager.swift; sourceTree = "<group>"; };
		C9244CD92D29AE49001F6BB1 /* PostEventScreen.swift */ = {isa = PBXFileReference; lastKnownFileType = sourcecode.swift; path = PostEventScreen.swift; sourceTree = "<group>"; };
		C9244CDA2D29AE4A001F6BB1 /* EventCard.swift */ = {isa = PBXFileReference; lastKnownFileType = sourcecode.swift; path = EventCard.swift; sourceTree = "<group>"; };
		C9244CDB2D29AE4A001F6BB1 /* ContentView.swift */ = {isa = PBXFileReference; lastKnownFileType = sourcecode.swift; path = ContentView.swift; sourceTree = "<group>"; };
		C9244CDC2D29AE4A001F6BB1 /* TrendingEventsCarousel.swift */ = {isa = PBXFileReference; lastKnownFileType = sourcecode.swift; path = TrendingEventsCarousel.swift; sourceTree = "<group>"; };
		C9244CDD2D29AE4A001F6BB1 /* DiscoverScreen.swift */ = {isa = PBXFileReference; lastKnownFileType = sourcecode.swift; path = DiscoverScreen.swift; sourceTree = "<group>"; };
		C9244CDE2D29AE4A001F6BB1 /* MainTabView.swift */ = {isa = PBXFileReference; lastKnownFileType = sourcecode.swift; path = MainTabView.swift; sourceTree = "<group>"; };
		C9244CDF2D29AE4A001F6BB1 /* HomeScreen.swift */ = {isa = PBXFileReference; lastKnownFileType = sourcecode.swift; path = HomeScreen.swift; sourceTree = "<group>"; };
		C9244CEC2D29B5EF001F6BB1 /* Color+Hex.swift */ = {isa = PBXFileReference; lastKnownFileType = sourcecode.swift; path = "Color+Hex.swift"; sourceTree = "<group>"; };
		C9244CEE2D29B88A001F6BB1 /* Category+Helper.swift */ = {isa = PBXFileReference; lastKnownFileType = sourcecode.swift; path = "Category+Helper.swift"; sourceTree = "<group>"; };
		C9244CF32D29CA5E001F6BB1 /* GroupBoxStyle+Dark.swift */ = {isa = PBXFileReference; lastKnownFileType = sourcecode.swift; path = "GroupBoxStyle+Dark.swift"; sourceTree = "<group>"; };
		C9244CF52D29CD4C001F6BB1 /* CityBuzzApp.swift */ = {isa = PBXFileReference; lastKnownFileType = sourcecode.swift; path = CityBuzzApp.swift; sourceTree = "<group>"; };
		C9244CF72D29CE9F001F6BB1 /* CategoryPickerView.swift */ = {isa = PBXFileReference; lastKnownFileType = sourcecode.swift; path = CategoryPickerView.swift; sourceTree = "<group>"; };
		C9244CFA2D29D2EA001F6BB1 /* Assets.xcassets */ = {isa = PBXFileReference; lastKnownFileType = folder.assetcatalog; name = Assets.xcassets; path = CityBuzzApp/Assets.xcassets; sourceTree = "<group>"; };
		C9244CFC2D29D4A1001F6BB1 /* EventServices.swift */ = {isa = PBXFileReference; lastKnownFileType = sourcecode.swift; path = EventServices.swift; sourceTree = "<group>"; };
		C9244D002D2A2342001F6BB1 /* TabItem.swift */ = {isa = PBXFileReference; lastKnownFileType = sourcecode.swift; name = TabItem.swift; path = ../../Enums/TabItem.swift; sourceTree = "<group>"; };
		C9244D3C2D2C7E30001F6BB1 /* SettingsScreen.swift */ = {isa = PBXFileReference; lastKnownFileType = sourcecode.swift; path = SettingsScreen.swift; sourceTree = "<group>"; };
		C9244D3E2D2C823E001F6BB1 /* PrivacyPolicyScreen.swift */ = {isa = PBXFileReference; lastKnownFileType = sourcecode.swift; path = PrivacyPolicyScreen.swift; sourceTree = "<group>"; };
		C9244D3F2D2C823E001F6BB1 /* HelpSupportScreen.swift */ = {isa = PBXFileReference; lastKnownFileType = sourcecode.swift; path = HelpSupportScreen.swift; sourceTree = "<group>"; };
		C9244D402D2C823E001F6BB1 /* AboutScreen.swift */ = {isa = PBXFileReference; lastKnownFileType = sourcecode.swift; path = AboutScreen.swift; sourceTree = "<group>"; };
		C9244D492D2C884B001F6BB1 /* AccountScreen.swift */ = {isa = PBXFileReference; lastKnownFileType = sourcecode.swift; path = AccountScreen.swift; sourceTree = "<group>"; };
		C9244D4C2D2C88EB001F6BB1 /* NotificationsScreen.swift */ = {isa = PBXFileReference; lastKnownFileType = sourcecode.swift; path = NotificationsScreen.swift; sourceTree = "<group>"; };
		C9244D4E2D2C8AD7001F6BB1 /* EventFormComponents.swift */ = {isa = PBXFileReference; lastKnownFileType = sourcecode.swift; path = EventFormComponents.swift; sourceTree = "<group>"; };
/* End PBXFileReference section */

/* Begin PBXFrameworksBuildPhase section */
		C9244C702D26DBD1001F6BB1 /* Frameworks */ = {
			isa = PBXFrameworksBuildPhase;
			buildActionMask = 2147483647;
			files = (
			);
			runOnlyForDeploymentPostprocessing = 0;
		};
		C9244C802D26DBD2001F6BB1 /* Frameworks */ = {
			isa = PBXFrameworksBuildPhase;
			buildActionMask = 2147483647;
			files = (
			);
			runOnlyForDeploymentPostprocessing = 0;
		};
		C9244C8A2D26DBD2001F6BB1 /* Frameworks */ = {
			isa = PBXFrameworksBuildPhase;
			buildActionMask = 2147483647;
			files = (
			);
			runOnlyForDeploymentPostprocessing = 0;
		};
/* End PBXFrameworksBuildPhase section */

/* Begin PBXGroup section */
		C9244C6A2D26DBD1001F6BB1 = {
			isa = PBXGroup;
			children = (
				C9244CFA2D29D2EA001F6BB1 /* Assets.xcassets */,
				C9244C752D26DBD1001F6BB1 /* CityBuzzApp */,
				C9244C862D26DBD2001F6BB1 /* CityBuzzAppTests */,
				C9244C902D26DBD2001F6BB1 /* CityBuzzAppUITests */,
				C9244C742D26DBD1001F6BB1 /* Products */,
			);
			sourceTree = "<group>";
		};
		C9244C742D26DBD1001F6BB1 /* Products */ = {
			isa = PBXGroup;
			children = (
				C9244C732D26DBD1001F6BB1 /* CityBuzzApp.app */,
				C9244C832D26DBD2001F6BB1 /* CityBuzzAppTests.xctest */,
				C9244C8D2D26DBD2001F6BB1 /* CityBuzzAppUITests.xctest */,
			);
			name = Products;
			sourceTree = "<group>";
		};
		C9244C752D26DBD1001F6BB1 /* CityBuzzApp */ = {
			isa = PBXGroup;
			children = (
				C9244CF52D29CD4C001F6BB1 /* CityBuzzApp.swift */,
				C9244CC82D299E36001F6BB1 /* Enums */,
				C9244CC62D299E21001F6BB1 /* Extensions */,
				C9244CC52D299E11001F6BB1 /* Managers */,
				C9244CC32D299DF3001F6BB1 /* Views */,
				C9244CBB2D299DD9001F6BB1 /* Services */,
				C9244CAD2D26EB4A001F6BB1 /* Models */,
				C9244C7C2D26DBD2001F6BB1 /* Preview Content */,
			);
			path = CityBuzzApp;
			sourceTree = "<group>";
		};
		C9244C7C2D26DBD2001F6BB1 /* Preview Content */ = {
			isa = PBXGroup;
			children = (
				C9244C7D2D26DBD2001F6BB1 /* Preview Assets.xcassets */,
			);
			path = "Preview Content";
			sourceTree = "<group>";
		};
		C9244C862D26DBD2001F6BB1 /* CityBuzzAppTests */ = {
			isa = PBXGroup;
			children = (
				C9244C872D26DBD2001F6BB1 /* CityBuzzAppTests.swift */,
			);
			path = CityBuzzAppTests;
			sourceTree = "<group>";
		};
		C9244C902D26DBD2001F6BB1 /* CityBuzzAppUITests */ = {
			isa = PBXGroup;
			children = (
				C9244C912D26DBD2001F6BB1 /* CityBuzzAppUITests.swift */,
				C9244C932D26DBD2001F6BB1 /* CityBuzzAppUITestsLaunchTests.swift */,
			);
			path = CityBuzzAppUITests;
			sourceTree = "<group>";
		};
		C9244CAD2D26EB4A001F6BB1 /* Models */ = {
			isa = PBXGroup;
			children = (
				C9244CAC2D26EB4A001F6BB1 /* Event.swift */,
			);
			path = Models;
			sourceTree = "<group>";
		};
		C9244CBB2D299DD9001F6BB1 /* Services */ = {
			isa = PBXGroup;
			children = (
				C9244CFC2D29D4A1001F6BB1 /* EventServices.swift */,
			);
			path = Services;
			sourceTree = "<group>";
		};
		C9244CC32D299DF3001F6BB1 /* Views */ = {
			isa = PBXGroup;
			children = (
				C9244D4F2D2C8AD7001F6BB1 /* Components */,
				C9244D4C2D2C88EB001F6BB1 /* NotificationsScreen.swift */,
				C9244D492D2C884B001F6BB1 /* AccountScreen.swift */,
				C9244D402D2C823E001F6BB1 /* AboutScreen.swift */,
				C9244D3F2D2C823E001F6BB1 /* HelpSupportScreen.swift */,
				C9244D3E2D2C823E001F6BB1 /* PrivacyPolicyScreen.swift */,
				C9244D3C2D2C7E30001F6BB1 /* SettingsScreen.swift */,
				C9244CF72D29CE9F001F6BB1 /* CategoryPickerView.swift */,
				C9244CDB2D29AE4A001F6BB1 /* ContentView.swift */,
				C9244CDD2D29AE4A001F6BB1 /* DiscoverScreen.swift */,
				C9244CDA2D29AE4A001F6BB1 /* EventCard.swift */,
				C9244CDF2D29AE4A001F6BB1 /* HomeScreen.swift */,
				C9244CDE2D29AE4A001F6BB1 /* MainTabView.swift */,
				C9244CD92D29AE49001F6BB1 /* PostEventScreen.swift */,
				C9244CDC2D29AE4A001F6BB1 /* TrendingEventsCarousel.swift */,
			);
			path = Views;
			sourceTree = "<group>";
		};
		C9244CC52D299E11001F6BB1 /* Managers */ = {
			isa = PBXGroup;
			children = (
				C9244CC42D299E11001F6BB1 /* LocationSearchManager.swift */,
			);
			path = Managers;
			sourceTree = "<group>";
		};
		C9244CC62D299E21001F6BB1 /* Extensions */ = {
			isa = PBXGroup;
			children = (
				C9244CF32D29CA5E001F6BB1 /* GroupBoxStyle+Dark.swift */,
				C9244CEE2D29B88A001F6BB1 /* Category+Helper.swift */,
				C9244CEC2D29B5EF001F6BB1 /* Color+Hex.swift */,
			);
			path = Extensions;
			sourceTree = "<group>";
		};
		C9244CC82D299E36001F6BB1 /* Enums */ = {
			isa = PBXGroup;
			children = (
				C9244D002D2A2342001F6BB1 /* TabItem.swift */,
			);
			path = Enums;
			sourceTree = "<group>";
		};
		C9244D4F2D2C8AD7001F6BB1 /* Components */ = {
			isa = PBXGroup;
			children = (
				C9244D4E2D2C8AD7001F6BB1 /* EventFormComponents.swift */,
			);
			path = Components;
			sourceTree = "<group>";
		};
/* End PBXGroup section */

/* Begin PBXNativeTarget section */
		C9244C722D26DBD1001F6BB1 /* CityBuzzApp */ = {
			isa = PBXNativeTarget;
			buildConfigurationList = C9244C972D26DBD2001F6BB1 /* Build configuration list for PBXNativeTarget "CityBuzzApp" */;
			buildPhases = (
				C9244C6F2D26DBD1001F6BB1 /* Sources */,
				C9244C702D26DBD1001F6BB1 /* Frameworks */,
				C9244C712D26DBD1001F6BB1 /* Resources */,
			);
			buildRules = (
			);
			dependencies = (
			);
			name = CityBuzzApp;
			productName = CityBuzzApp;
			productReference = C9244C732D26DBD1001F6BB1 /* CityBuzzApp.app */;
			productType = "com.apple.product-type.application";
		};
		C9244C822D26DBD2001F6BB1 /* CityBuzzAppTests */ = {
			isa = PBXNativeTarget;
			buildConfigurationList = C9244C9A2D26DBD2001F6BB1 /* Build configuration list for PBXNativeTarget "CityBuzzAppTests" */;
			buildPhases = (
				C9244C7F2D26DBD2001F6BB1 /* Sources */,
				C9244C802D26DBD2001F6BB1 /* Frameworks */,
				C9244C812D26DBD2001F6BB1 /* Resources */,
			);
			buildRules = (
			);
			dependencies = (
				C9244C852D26DBD2001F6BB1 /* PBXTargetDependency */,
			);
			name = CityBuzzAppTests;
			productName = CityBuzzAppTests;
			productReference = C9244C832D26DBD2001F6BB1 /* CityBuzzAppTests.xctest */;
			productType = "com.apple.product-type.bundle.unit-test";
		};
		C9244C8C2D26DBD2001F6BB1 /* CityBuzzAppUITests */ = {
			isa = PBXNativeTarget;
			buildConfigurationList = C9244C9D2D26DBD2001F6BB1 /* Build configuration list for PBXNativeTarget "CityBuzzAppUITests" */;
			buildPhases = (
				C9244C892D26DBD2001F6BB1 /* Sources */,
				C9244C8A2D26DBD2001F6BB1 /* Frameworks */,
				C9244C8B2D26DBD2001F6BB1 /* Resources */,
			);
			buildRules = (
			);
			dependencies = (
				C9244C8F2D26DBD2001F6BB1 /* PBXTargetDependency */,
			);
			name = CityBuzzAppUITests;
			productName = CityBuzzAppUITests;
			productReference = C9244C8D2D26DBD2001F6BB1 /* CityBuzzAppUITests.xctest */;
			productType = "com.apple.product-type.bundle.ui-testing";
		};
/* End PBXNativeTarget section */

/* Begin PBXProject section */
		C9244C6B2D26DBD1001F6BB1 /* Project object */ = {
			isa = PBXProject;
			attributes = {
				BuildIndependentTargetsInParallel = 1;
				LastSwiftUpdateCheck = 1540;
				LastUpgradeCheck = 1540;
				TargetAttributes = {
					C9244C722D26DBD1001F6BB1 = {
						CreatedOnToolsVersion = 15.4;
					};
					C9244C822D26DBD2001F6BB1 = {
						CreatedOnToolsVersion = 15.4;
						TestTargetID = C9244C722D26DBD1001F6BB1;
					};
					C9244C8C2D26DBD2001F6BB1 = {
						CreatedOnToolsVersion = 15.4;
						TestTargetID = C9244C722D26DBD1001F6BB1;
					};
				};
			};
			buildConfigurationList = C9244C6E2D26DBD1001F6BB1 /* Build configuration list for PBXProject "CityBuzzApp" */;
			compatibilityVersion = "Xcode 14.0";
			developmentRegion = en;
			hasScannedForEncodings = 0;
			knownRegions = (
				en,
				Base,
			);
			mainGroup = C9244C6A2D26DBD1001F6BB1;
			productRefGroup = C9244C742D26DBD1001F6BB1 /* Products */;
			projectDirPath = "";
			projectRoot = "";
			targets = (
				C9244C722D26DBD1001F6BB1 /* CityBuzzApp */,
				C9244C822D26DBD2001F6BB1 /* CityBuzzAppTests */,
				C9244C8C2D26DBD2001F6BB1 /* CityBuzzAppUITests */,
			);
		};
/* End PBXProject section */

/* Begin PBXResourcesBuildPhase section */
		C9244C712D26DBD1001F6BB1 /* Resources */ = {
			isa = PBXResourcesBuildPhase;
			buildActionMask = 2147483647;
			files = (
				C9244C7E2D26DBD2001F6BB1 /* Preview Assets.xcassets in Resources */,
			);
			runOnlyForDeploymentPostprocessing = 0;
		};
		C9244C812D26DBD2001F6BB1 /* Resources */ = {
			isa = PBXResourcesBuildPhase;
			buildActionMask = 2147483647;
			files = (
			);
			runOnlyForDeploymentPostprocessing = 0;
		};
		C9244C8B2D26DBD2001F6BB1 /* Resources */ = {
			isa = PBXResourcesBuildPhase;
			buildActionMask = 2147483647;
			files = (
			);
			runOnlyForDeploymentPostprocessing = 0;
		};
/* End PBXResourcesBuildPhase section */

/* Begin PBXSourcesBuildPhase section */
		C9244C6F2D26DBD1001F6BB1 /* Sources */ = {
			isa = PBXSourcesBuildPhase;
			buildActionMask = 2147483647;
			files = (
				C9244D4D2D2C88EB001F6BB1 /* NotificationsScreen.swift in Sources */,
				C9244D4A2D2C884B001F6BB1 /* AccountScreen.swift in Sources */,
				C9244D412D2C823E001F6BB1 /* PrivacyPolicyScreen.swift in Sources */,
				C9244D422D2C823E001F6BB1 /* HelpSupportScreen.swift in Sources */,
				C9244D432D2C823E001F6BB1 /* AboutScreen.swift in Sources */,
				C9244D3D2D2C7E30001F6BB1 /* SettingsScreen.swift in Sources */,
				C9244D012D2A2342001F6BB1 /* TabItem.swift in Sources */,
				C9244CFD2D29D4A2001F6BB1 /* EventServices.swift in Sources */,
				C9244CFB2D29D2EA001F6BB1 /* Assets.xcassets in Sources */,
				C9244CF92D29D07F001F6BB1 /* LocationSearchManager.swift in Sources */,
				C9244CF82D29CEA0001F6BB1 /* CategoryPickerView.swift in Sources */,
				C9244CF62D29CD4C001F6BB1 /* CityBuzzApp.swift in Sources */,
				C9244CF42D29CA5E001F6BB1 /* GroupBoxStyle+Dark.swift in Sources */,
				C9244CEF2D29B88A001F6BB1 /* Category+Helper.swift in Sources */,
				C9244CED2D29B5EF001F6BB1 /* Color+Hex.swift in Sources */,
				C9244CE12D29AE4A001F6BB1 /* EventCard.swift in Sources */,
				C9244CE02D29AE4A001F6BB1 /* PostEventScreen.swift in Sources */,
				C9244CE22D29AE4A001F6BB1 /* ContentView.swift in Sources */,
				C9244CE32D29AE4A001F6BB1 /* TrendingEventsCarousel.swift in Sources */,
				C9244CE42D29AE4A001F6BB1 /* DiscoverScreen.swift in Sources */,
				C9244CE52D29AE4A001F6BB1 /* MainTabView.swift in Sources */,
				C9244CE62D29AE4A001F6BB1 /* HomeScreen.swift in Sources */,
				C9244CAE2D2784B8001F6BB1 /* Event.swift in Sources */,
			);
			runOnlyForDeploymentPostprocessing = 0;
		};
		C9244C7F2D26DBD2001F6BB1 /* Sources */ = {
			isa = PBXSourcesBuildPhase;
			buildActionMask = 2147483647;
			files = (
				C9244C882D26DBD2001F6BB1 /* CityBuzzAppTests.swift in Sources */,
			);
			runOnlyForDeploymentPostprocessing = 0;
		};
		C9244C892D26DBD2001F6BB1 /* Sources */ = {
			isa = PBXSourcesBuildPhase;
			buildActionMask = 2147483647;
			files = (
				C9244C942D26DBD2001F6BB1 /* CityBuzzAppUITestsLaunchTests.swift in Sources */,
				C9244C922D26DBD2001F6BB1 /* CityBuzzAppUITests.swift in Sources */,
			);
			runOnlyForDeploymentPostprocessing = 0;
		};
/* End PBXSourcesBuildPhase section */

/* Begin PBXTargetDependency section */
		C9244C852D26DBD2001F6BB1 /* PBXTargetDependency */ = {
			isa = PBXTargetDependency;
			target = C9244C722D26DBD1001F6BB1 /* CityBuzzApp */;
			targetProxy = C9244C842D26DBD2001F6BB1 /* PBXContainerItemProxy */;
		};
		C9244C8F2D26DBD2001F6BB1 /* PBXTargetDependency */ = {
			isa = PBXTargetDependency;
			target = C9244C722D26DBD1001F6BB1 /* CityBuzzApp */;
			targetProxy = C9244C8E2D26DBD2001F6BB1 /* PBXContainerItemProxy */;
		};
/* End PBXTargetDependency section */

/* Begin XCBuildConfiguration section */
		C9244C952D26DBD2001F6BB1 /* Debug */ = {
			isa = XCBuildConfiguration;
			buildSettings = {
				ALWAYS_SEARCH_USER_PATHS = NO;
				ASSETCATALOG_COMPILER_GENERATE_SWIFT_ASSET_SYMBOL_EXTENSIONS = YES;
				CLANG_ANALYZER_NONNULL = YES;
				CLANG_ANALYZER_NUMBER_OBJECT_CONVERSION = YES_AGGRESSIVE;
				CLANG_CXX_LANGUAGE_STANDARD = "gnu++20";
				CLANG_ENABLE_MODULES = YES;
				CLANG_ENABLE_OBJC_ARC = YES;
				CLANG_ENABLE_OBJC_WEAK = YES;
				CLANG_WARN_BLOCK_CAPTURE_AUTORELEASING = YES;
				CLANG_WARN_BOOL_CONVERSION = YES;
				CLANG_WARN_COMMA = YES;
				CLANG_WARN_CONSTANT_CONVERSION = YES;
				CLANG_WARN_DEPRECATED_OBJC_IMPLEMENTATIONS = YES;
				CLANG_WARN_DIRECT_OBJC_ISA_USAGE = YES_ERROR;
				CLANG_WARN_DOCUMENTATION_COMMENTS = YES;
				CLANG_WARN_EMPTY_BODY = YES;
				CLANG_WARN_ENUM_CONVERSION = YES;
				CLANG_WARN_INFINITE_RECURSION = YES;
				CLANG_WARN_INT_CONVERSION = YES;
				CLANG_WARN_NON_LITERAL_NULL_CONVERSION = YES;
				CLANG_WARN_OBJC_IMPLICIT_RETAIN_SELF = YES;
				CLANG_WARN_OBJC_LITERAL_CONVERSION = YES;
				CLANG_WARN_OBJC_ROOT_CLASS = YES_ERROR;
				CLANG_WARN_QUOTED_INCLUDE_IN_FRAMEWORK_HEADER = YES;
				CLANG_WARN_RANGE_LOOP_ANALYSIS = YES;
				CLANG_WARN_STRICT_PROTOTYPES = YES;
				CLANG_WARN_SUSPICIOUS_MOVE = YES;
				CLANG_WARN_UNGUARDED_AVAILABILITY = YES_AGGRESSIVE;
				CLANG_WARN_UNREACHABLE_CODE = YES;
				CLANG_WARN__DUPLICATE_METHOD_MATCH = YES;
				COPY_PHASE_STRIP = NO;
				DEBUG_INFORMATION_FORMAT = dwarf;
				ENABLE_STRICT_OBJC_MSGSEND = YES;
				ENABLE_TESTABILITY = YES;
				ENABLE_USER_SCRIPT_SANDBOXING = YES;
				GCC_C_LANGUAGE_STANDARD = gnu17;
				GCC_DYNAMIC_NO_PIC = NO;
				GCC_NO_COMMON_BLOCKS = YES;
				GCC_OPTIMIZATION_LEVEL = 0;
				GCC_PREPROCESSOR_DEFINITIONS = (
					"DEBUG=1",
					"$(inherited)",
				);
				GCC_WARN_64_TO_32_BIT_CONVERSION = YES;
				GCC_WARN_ABOUT_RETURN_TYPE = YES_ERROR;
				GCC_WARN_UNDECLARED_SELECTOR = YES;
				GCC_WARN_UNINITIALIZED_AUTOS = YES_AGGRESSIVE;
				GCC_WARN_UNUSED_FUNCTION = YES;
				GCC_WARN_UNUSED_VARIABLE = YES;
				IPHONEOS_DEPLOYMENT_TARGET = 17.5;
				LOCALIZATION_PREFERS_STRING_CATALOGS = YES;
				MTL_ENABLE_DEBUG_INFO = INCLUDE_SOURCE;
				MTL_FAST_MATH = YES;
				ONLY_ACTIVE_ARCH = YES;
				SDKROOT = iphoneos;
				SWIFT_ACTIVE_COMPILATION_CONDITIONS = "DEBUG $(inherited)";
				SWIFT_OPTIMIZATION_LEVEL = "-Onone";
			};
			name = Debug;
		};
		C9244C962D26DBD2001F6BB1 /* Release */ = {
			isa = XCBuildConfiguration;
			buildSettings = {
				ALWAYS_SEARCH_USER_PATHS = NO;
				ASSETCATALOG_COMPILER_GENERATE_SWIFT_ASSET_SYMBOL_EXTENSIONS = YES;
				CLANG_ANALYZER_NONNULL = YES;
				CLANG_ANALYZER_NUMBER_OBJECT_CONVERSION = YES_AGGRESSIVE;
				CLANG_CXX_LANGUAGE_STANDARD = "gnu++20";
				CLANG_ENABLE_MODULES = YES;
				CLANG_ENABLE_OBJC_ARC = YES;
				CLANG_ENABLE_OBJC_WEAK = YES;
				CLANG_WARN_BLOCK_CAPTURE_AUTORELEASING = YES;
				CLANG_WARN_BOOL_CONVERSION = YES;
				CLANG_WARN_COMMA = YES;
				CLANG_WARN_CONSTANT_CONVERSION = YES;
				CLANG_WARN_DEPRECATED_OBJC_IMPLEMENTATIONS = YES;
				CLANG_WARN_DIRECT_OBJC_ISA_USAGE = YES_ERROR;
				CLANG_WARN_DOCUMENTATION_COMMENTS = YES;
				CLANG_WARN_EMPTY_BODY = YES;
				CLANG_WARN_ENUM_CONVERSION = YES;
				CLANG_WARN_INFINITE_RECURSION = YES;
				CLANG_WARN_INT_CONVERSION = YES;
				CLANG_WARN_NON_LITERAL_NULL_CONVERSION = YES;
				CLANG_WARN_OBJC_IMPLICIT_RETAIN_SELF = YES;
				CLANG_WARN_OBJC_LITERAL_CONVERSION = YES;
				CLANG_WARN_OBJC_ROOT_CLASS = YES_ERROR;
				CLANG_WARN_QUOTED_INCLUDE_IN_FRAMEWORK_HEADER = YES;
				CLANG_WARN_RANGE_LOOP_ANALYSIS = YES;
				CLANG_WARN_STRICT_PROTOTYPES = YES;
				CLANG_WARN_SUSPICIOUS_MOVE = YES;
				CLANG_WARN_UNGUARDED_AVAILABILITY = YES_AGGRESSIVE;
				CLANG_WARN_UNREACHABLE_CODE = YES;
				CLANG_WARN__DUPLICATE_METHOD_MATCH = YES;
				COPY_PHASE_STRIP = NO;
				DEBUG_INFORMATION_FORMAT = "dwarf-with-dsym";
				ENABLE_NS_ASSERTIONS = NO;
				ENABLE_STRICT_OBJC_MSGSEND = YES;
				ENABLE_USER_SCRIPT_SANDBOXING = YES;
				GCC_C_LANGUAGE_STANDARD = gnu17;
				GCC_NO_COMMON_BLOCKS = YES;
				GCC_WARN_64_TO_32_BIT_CONVERSION = YES;
				GCC_WARN_ABOUT_RETURN_TYPE = YES_ERROR;
				GCC_WARN_UNDECLARED_SELECTOR = YES;
				GCC_WARN_UNINITIALIZED_AUTOS = YES_AGGRESSIVE;
				GCC_WARN_UNUSED_FUNCTION = YES;
				GCC_WARN_UNUSED_VARIABLE = YES;
				IPHONEOS_DEPLOYMENT_TARGET = 17.5;
				LOCALIZATION_PREFERS_STRING_CATALOGS = YES;
				MTL_ENABLE_DEBUG_INFO = NO;
				MTL_FAST_MATH = YES;
				SDKROOT = iphoneos;
				SWIFT_COMPILATION_MODE = wholemodule;
				VALIDATE_PRODUCT = YES;
			};
			name = Release;
		};
		C9244C982D26DBD2001F6BB1 /* Debug */ = {
			isa = XCBuildConfiguration;
			buildSettings = {
				ASSETCATALOG_COMPILER_APPICON_NAME = AppIcon;
				ASSETCATALOG_COMPILER_GLOBAL_ACCENT_COLOR_NAME = AccentColor;
				CODE_SIGN_STYLE = Automatic;
				CURRENT_PROJECT_VERSION = 1;
				DEVELOPMENT_ASSET_PATHS = "";
				DEVELOPMENT_TEAM = MQ8NJY4P6D;
				ENABLE_PREVIEWS = YES;
				GENERATE_INFOPLIST_FILE = YES;
				INFOPLIST_KEY_UIApplicationSceneManifest_Generation = YES;
				INFOPLIST_KEY_UIApplicationSupportsIndirectInputEvents = YES;
				INFOPLIST_KEY_UILaunchScreen_Generation = YES;
				INFOPLIST_KEY_UISupportedInterfaceOrientations_iPad = "UIInterfaceOrientationPortrait UIInterfaceOrientationPortraitUpsideDown UIInterfaceOrientationLandscapeLeft UIInterfaceOrientationLandscapeRight";
				INFOPLIST_KEY_UISupportedInterfaceOrientations_iPhone = "UIInterfaceOrientationPortrait UIInterfaceOrientationLandscapeLeft UIInterfaceOrientationLandscapeRight";
				LD_RUNPATH_SEARCH_PATHS = (
					"$(inherited)",
					"@executable_path/Frameworks",
				);
				MARKETING_VERSION = 1.0;
				PRODUCT_BUNDLE_IDENTIFIER = citybuzz.CityBuzzApp;
				PRODUCT_NAME = "$(TARGET_NAME)";
				SWIFT_EMIT_LOC_STRINGS = YES;
				SWIFT_VERSION = 5.0;
				TARGETED_DEVICE_FAMILY = "1,2";
			};
			name = Debug;
		};
		C9244C992D26DBD2001F6BB1 /* Release */ = {
			isa = XCBuildConfiguration;
			buildSettings = {
				ASSETCATALOG_COMPILER_APPICON_NAME = AppIcon;
				ASSETCATALOG_COMPILER_GLOBAL_ACCENT_COLOR_NAME = AccentColor;
				CODE_SIGN_STYLE = Automatic;
				CURRENT_PROJECT_VERSION = 1;
				DEVELOPMENT_ASSET_PATHS = "";
				DEVELOPMENT_TEAM = MQ8NJY4P6D;
				ENABLE_PREVIEWS = YES;
				GENERATE_INFOPLIST_FILE = YES;
				INFOPLIST_KEY_UIApplicationSceneManifest_Generation = YES;
				INFOPLIST_KEY_UIApplicationSupportsIndirectInputEvents = YES;
				INFOPLIST_KEY_UILaunchScreen_Generation = YES;
				INFOPLIST_KEY_UISupportedInterfaceOrientations_iPad = "UIInterfaceOrientationPortrait UIInterfaceOrientationPortraitUpsideDown UIInterfaceOrientationLandscapeLeft UIInterfaceOrientationLandscapeRight";
				INFOPLIST_KEY_UISupportedInterfaceOrientations_iPhone = "UIInterfaceOrientationPortrait UIInterfaceOrientationLandscapeLeft UIInterfaceOrientationLandscapeRight";
				LD_RUNPATH_SEARCH_PATHS = (
					"$(inherited)",
					"@executable_path/Frameworks",
				);
				MARKETING_VERSION = 1.0;
				PRODUCT_BUNDLE_IDENTIFIER = citybuzz.CityBuzzApp;
				PRODUCT_NAME = "$(TARGET_NAME)";
				SWIFT_EMIT_LOC_STRINGS = YES;
				SWIFT_VERSION = 5.0;
				TARGETED_DEVICE_FAMILY = "1,2";
			};
			name = Release;
		};
		C9244C9B2D26DBD2001F6BB1 /* Debug */ = {
			isa = XCBuildConfiguration;
			buildSettings = {
				ALWAYS_EMBED_SWIFT_STANDARD_LIBRARIES = YES;
				BUNDLE_LOADER = "$(TEST_HOST)";
				CODE_SIGN_STYLE = Automatic;
				CURRENT_PROJECT_VERSION = 1;
				DEVELOPMENT_TEAM = MQ8NJY4P6D;
				GENERATE_INFOPLIST_FILE = YES;
				IPHONEOS_DEPLOYMENT_TARGET = 17.5;
				MARKETING_VERSION = 1.0;
				PRODUCT_BUNDLE_IDENTIFIER = citybuzz.CityBuzzAppTests;
				PRODUCT_NAME = "$(TARGET_NAME)";
				SWIFT_EMIT_LOC_STRINGS = NO;
				SWIFT_VERSION = 5.0;
				TARGETED_DEVICE_FAMILY = "1,2";
				TEST_HOST = "$(BUILT_PRODUCTS_DIR)/CityBuzzApp.app/$(BUNDLE_EXECUTABLE_FOLDER_PATH)/CityBuzzApp";
			};
			name = Debug;
		};
		C9244C9C2D26DBD2001F6BB1 /* Release */ = {
			isa = XCBuildConfiguration;
			buildSettings = {
				ALWAYS_EMBED_SWIFT_STANDARD_LIBRARIES = YES;
				BUNDLE_LOADER = "$(TEST_HOST)";
				CODE_SIGN_STYLE = Automatic;
				CURRENT_PROJECT_VERSION = 1;
				DEVELOPMENT_TEAM = MQ8NJY4P6D;
				GENERATE_INFOPLIST_FILE = YES;
				IPHONEOS_DEPLOYMENT_TARGET = 17.5;
				MARKETING_VERSION = 1.0;
				PRODUCT_BUNDLE_IDENTIFIER = citybuzz.CityBuzzAppTests;
				PRODUCT_NAME = "$(TARGET_NAME)";
				SWIFT_EMIT_LOC_STRINGS = NO;
				SWIFT_VERSION = 5.0;
				TARGETED_DEVICE_FAMILY = "1,2";
				TEST_HOST = "$(BUILT_PRODUCTS_DIR)/CityBuzzApp.app/$(BUNDLE_EXECUTABLE_FOLDER_PATH)/CityBuzzApp";
			};
			name = Release;
		};
		C9244C9E2D26DBD2001F6BB1 /* Debug */ = {
			isa = XCBuildConfiguration;
			buildSettings = {
				ALWAYS_EMBED_SWIFT_STANDARD_LIBRARIES = YES;
				CODE_SIGN_STYLE = Automatic;
				CURRENT_PROJECT_VERSION = 1;
				DEVELOPMENT_TEAM = MQ8NJY4P6D;
				GENERATE_INFOPLIST_FILE = YES;
				MARKETING_VERSION = 1.0;
				PRODUCT_BUNDLE_IDENTIFIER = citybuzz.CityBuzzAppUITests;
				PRODUCT_NAME = "$(TARGET_NAME)";
				SWIFT_EMIT_LOC_STRINGS = NO;
				SWIFT_VERSION = 5.0;
				TARGETED_DEVICE_FAMILY = "1,2";
				TEST_TARGET_NAME = CityBuzzApp;
			};
			name = Debug;
		};
		C9244C9F2D26DBD2001F6BB1 /* Release */ = {
			isa = XCBuildConfiguration;
			buildSettings = {
				ALWAYS_EMBED_SWIFT_STANDARD_LIBRARIES = YES;
				CODE_SIGN_STYLE = Automatic;
				CURRENT_PROJECT_VERSION = 1;
				DEVELOPMENT_TEAM = MQ8NJY4P6D;
				GENERATE_INFOPLIST_FILE = YES;
				MARKETING_VERSION = 1.0;
				PRODUCT_BUNDLE_IDENTIFIER = citybuzz.CityBuzzAppUITests;
				PRODUCT_NAME = "$(TARGET_NAME)";
				SWIFT_EMIT_LOC_STRINGS = NO;
				SWIFT_VERSION = 5.0;
				TARGETED_DEVICE_FAMILY = "1,2";
				TEST_TARGET_NAME = CityBuzzApp;
			};
			name = Release;
		};
/* End XCBuildConfiguration section */

/* Begin XCConfigurationList section */
		C9244C6E2D26DBD1001F6BB1 /* Build configuration list for PBXProject "CityBuzzApp" */ = {
			isa = XCConfigurationList;
			buildConfigurations = (
				C9244C952D26DBD2001F6BB1 /* Debug */,
				C9244C962D26DBD2001F6BB1 /* Release */,
			);
			defaultConfigurationIsVisible = 0;
			defaultConfigurationName = Release;
		};
		C9244C972D26DBD2001F6BB1 /* Build configuration list for PBXNativeTarget "CityBuzzApp" */ = {
			isa = XCConfigurationList;
			buildConfigurations = (
				C9244C982D26DBD2001F6BB1 /* Debug */,
				C9244C992D26DBD2001F6BB1 /* Release */,
			);
			defaultConfigurationIsVisible = 0;
			defaultConfigurationName = Release;
		};
		C9244C9A2D26DBD2001F6BB1 /* Build configuration list for PBXNativeTarget "CityBuzzAppTests" */ = {
			isa = XCConfigurationList;
			buildConfigurations = (
				C9244C9B2D26DBD2001F6BB1 /* Debug */,
				C9244C9C2D26DBD2001F6BB1 /* Release */,
			);
			defaultConfigurationIsVisible = 0;
			defaultConfigurationName = Release;
		};
		C9244C9D2D26DBD2001F6BB1 /* Build configuration list for PBXNativeTarget "CityBuzzAppUITests" */ = {
			isa = XCConfigurationList;
			buildConfigurations = (
				C9244C9E2D26DBD2001F6BB1 /* Debug */,
				C9244C9F2D26DBD2001F6BB1 /* Release */,
			);
			defaultConfigurationIsVisible = 0;
			defaultConfigurationName = Release;
		};
/* End XCConfigurationList section */
	};
	rootObject = C9244C6B2D26DBD1001F6BB1 /* Project object */;
}
